
Microsoft Visual Studio Solution File, Format Version 12.00
# Visual Studio 15
Project("{FAE04EC0-301F-11D3-BF4B-00C04F79EFBC}") = "NavMeshComponents", "NavMeshComponents.csproj", "{0A55772B-018C-8B92-A1B0-C25E7C3F2F91}"
EndProject
Project("{FAE04EC0-301F-11D3-BF4B-00C04F79EFBC}") = "Assembly-CSharp", "Assembly-CSharp.csproj", "{587B43B8-00C8-A03D-89A3-131607010BAE}"
EndProject
Project("{FAE04EC0-301F-11D3-BF4B-00C04F79EFBC}") = "NavMeshComponentsEditor", "NavMeshComponentsEditor.csproj", "{A212E68F-DDA8-1471-193B-C39A091EFDA6}"
EndProject
Global
	GlobalSection(SolutionConfigurationPlatforms) = preSolution
		Debug|Any CPU = Debug|Any CPU
		Release|Any CPU = Release|Any CPU
	EndGlobalSection
	GlobalSection(ProjectConfigurationPlatforms) = postSolution
		{0A55772B-018C-8B92-A1B0-C25E7C3F2F91}.Debug|Any CPU.ActiveCfg = Debug|Any CPU
		{0A55772B-018C-8B92-A1B0-C25E7C3F2F91}.Debug|Any CPU.Build.0 = Debug|Any CPU
		{0A55772B-018C-8B92-A1B0-C25E7C3F2F91}.Release|Any CPU.ActiveCfg = Release|Any CPU
		{0A55772B-018C-8B92-A1B0-C25E7C3F2F91}.Release|Any CPU.Build.0 = Release|Any CPU
		{587B43B8-00C8-A03D-89A3-131607010BAE}.Debug|Any CPU.ActiveCfg = Debug|Any CPU
		{587B43B8-00C8-A03D-89A3-131607010BAE}.Debug|Any CPU.Build.0 = Debug|Any CPU
		{587B43B8-00C8-A03D-89A3-131607010BAE}.Release|Any CPU.ActiveCfg = Release|Any CPU
		{587B43B8-00C8-A03D-89A3-131607010BAE}.Release|Any CPU.Build.0 = Release|Any CPU
		{A212E68F-DDA8-1471-193B-C39A091EFDA6}.Debug|Any CPU.ActiveCfg = Debug|Any CPU
		{A212E68F-DDA8-1471-193B-C39A091EFDA6}.Debug|Any CPU.Build.0 = Debug|Any CPU
		{A212E68F-DDA8-1471-193B-C39A091EFDA6}.Release|Any CPU.ActiveCfg = Release|Any CPU
		{A212E68F-DDA8-1471-193B-C39A091EFDA6}.Release|Any CPU.Build.0 = Release|Any CPU
	EndGlobalSection
	GlobalSection(SolutionProperties) = preSolution
		HideSolutionNode = FALSE
	EndGlobalSection
EndGlobal
